
Microsoft Visual Studio Solution File, Format Version 12.00
Project("{FAE04EC0-301F-11D3-BF4B-00C04F79EFBC}") = "TesztVerseny_Android", "TesztVerseny_Android\TesztVerseny_Android\TesztVerseny_Android.csproj", "{06DEB338-6B75-49C6-8426-2757FB42F3FA}"
EndProject
Project("{FAE04EC0-301F-11D3-BF4B-00C04F79EFBC}") = "TesztVerseny_Android.Android", "TesztVerseny_Android\TesztVerseny_Android.Android\TesztVerseny_Android.Android.csproj", "{D115CD72-EF8F-4953-8A92-E456C2ECDD04}"
EndProject
Project("{FAE04EC0-301F-11D3-BF4B-00C04F79EFBC}") = "TesztVerseny_Android.iOS", "TesztVerseny_Android\TesztVerseny_Android.iOS\TesztVerseny_Android.iOS.csproj", "{E810C977-51ED-4652-90CB-2B91FADBF0AB}"
EndProject
Global
	GlobalSection(SolutionConfigurationPlatforms) = preSolution
		Ad-Hoc|iPhone = Ad-Hoc|iPhone
		AppStore|iPhone = AppStore|iPhone
		Debug|Any CPU = Debug|Any CPU
		Debug|iPhone = Debug|iPhone
		Debug|iPhoneSimulator = Debug|iPhoneSimulator
		Release|Any CPU = Release|Any CPU
		Release|iPhone = Release|iPhone
		Release|iPhoneSimulator = Release|iPhoneSimulator
	EndGlobalSection
	GlobalSection(ProjectConfigurationPlatforms) = postSolution
		{06DEB338-6B75-49C6-8426-2757FB42F3FA}.Ad-Hoc|iPhone.ActiveCfg = Ad-Hoc|iPhone
		{06DEB338-6B75-49C6-8426-2757FB42F3FA}.Ad-Hoc|iPhone.Build.0 = Ad-Hoc|iPhone
		{06DEB338-6B75-49C6-8426-2757FB42F3FA}.AppStore|iPhone.ActiveCfg = AppStore|iPhone
		{06DEB338-6B75-49C6-8426-2757FB42F3FA}.AppStore|iPhone.Build.0 = AppStore|iPhone
		{06DEB338-6B75-49C6-8426-2757FB42F3FA}.Debug|Any CPU.ActiveCfg = Debug|Any CPU
		{06DEB338-6B75-49C6-8426-2757FB42F3FA}.Debug|Any CPU.Build.0 = Debug|Any CPU
		{06DEB338-6B75-49C6-8426-2757FB42F3FA}.Debug|iPhone.ActiveCfg = Debug|iPhone
		{06DEB338-6B75-49C6-8426-2757FB42F3FA}.Debug|iPhone.Build.0 = Debug|iPhone
		{06DEB338-6B75-49C6-8426-2757FB42F3FA}.Debug|iPhoneSimulator.ActiveCfg = Debug|iPhoneSimulator
		{06DEB338-6B75-49C6-8426-2757FB42F3FA}.Debug|iPhoneSimulator.Build.0 = Debug|iPhoneSimulator
		{06DEB338-6B75-49C6-8426-2757FB42F3FA}.Release|Any CPU.ActiveCfg = Release|Any CPU
		{06DEB338-6B75-49C6-8426-2757FB42F3FA}.Release|Any CPU.Build.0 = Release|Any CPU
		{06DEB338-6B75-49C6-8426-2757FB42F3FA}.Release|iPhone.ActiveCfg = Release|iPhone
		{06DEB338-6B75-49C6-8426-2757FB42F3FA}.Release|iPhone.Build.0 = Release|iPhone
		{06DEB338-6B75-49C6-8426-2757FB42F3FA}.Release|iPhoneSimulator.ActiveCfg = Release|iPhoneSimulator
		{06DEB338-6B75-49C6-8426-2757FB42F3FA}.Release|iPhoneSimulator.Build.0 = Release|iPhoneSimulator
		{D115CD72-EF8F-4953-8A92-E456C2ECDD04}.Ad-Hoc|iPhone.ActiveCfg = Debug|Any CPU
		{D115CD72-EF8F-4953-8A92-E456C2ECDD04}.Ad-Hoc|iPhone.Build.0 = Debug|Any CPU
		{D115CD72-EF8F-4953-8A92-E456C2ECDD04}.Ad-Hoc|iPhone.Deploy.0 = Debug|Any CPU
		{D115CD72-EF8F-4953-8A92-E456C2ECDD04}.AppStore|iPhone.ActiveCfg = Debug|Any CPU
		{D115CD72-EF8F-4953-8A92-E456C2ECDD04}.AppStore|iPhone.Build.0 = Debug|Any CPU
		{D115CD72-EF8F-4953-8A92-E456C2ECDD04}.AppStore|iPhone.Deploy.0 = Debug|Any CPU
		{D115CD72-EF8F-4953-8A92-E456C2ECDD04}.Debug|Any CPU.ActiveCfg = Debug|Any CPU
		{D115CD72-EF8F-4953-8A92-E456C2ECDD04}.Debug|Any CPU.Build.0 = Debug|Any CPU
		{D115CD72-EF8F-4953-8A92-E456C2ECDD04}.Debug|Any CPU.Deploy.0 = Debug|Any CPU
		{D115CD72-EF8F-4953-8A92-E456C2ECDD04}.Debug|iPhone.ActiveCfg = Debug|Any CPU
		{D115CD72-EF8F-4953-8A92-E456C2ECDD04}.Debug|iPhone.Build.0 = Debug|Any CPU
		{D115CD72-EF8F-4953-8A92-E456C2ECDD04}.Debug|iPhone.Deploy.0 = Debug|Any CPU
		{D115CD72-EF8F-4953-8A92-E456C2ECDD04}.Debug|iPhoneSimulator.ActiveCfg = Debug|Any CPU
		{D115CD72-EF8F-4953-8A92-E456C2ECDD04}.Debug|iPhoneSimulator.Build.0 = Debug|Any CPU
		{D115CD72-EF8F-4953-8A92-E456C2ECDD04}.Debug|iPhoneSimulator.Deploy.0 = Debug|Any CPU
		{D115CD72-EF8F-4953-8A92-E456C2ECDD04}.Release|Any CPU.ActiveCfg = Release|Any CPU
		{D115CD72-EF8F-4953-8A92-E456C2ECDD04}.Release|Any CPU.Build.0 = Release|Any CPU
		{D115CD72-EF8F-4953-8A92-E456C2ECDD04}.Release|Any CPU.Deploy.0 = Release|Any CPU
		{D115CD72-EF8F-4953-8A92-E456C2ECDD04}.Release|iPhone.ActiveCfg = Release|Any CPU
		{D115CD72-EF8F-4953-8A92-E456C2ECDD04}.Release|iPhone.Build.0 = Release|Any CPU
		{D115CD72-EF8F-4953-8A92-E456C2ECDD04}.Release|iPhone.Deploy.0 = Release|Any CPU
		{D115CD72-EF8F-4953-8A92-E456C2ECDD04}.Release|iPhoneSimulator.ActiveCfg = Release|Any CPU
		{D115CD72-EF8F-4953-8A92-E456C2ECDD04}.Release|iPhoneSimulator.Build.0 = Release|Any CPU
		{D115CD72-EF8F-4953-8A92-E456C2ECDD04}.Release|iPhoneSimulator.Deploy.0 = Release|Any CPU
		{E810C977-51ED-4652-90CB-2B91FADBF0AB}.Ad-Hoc|iPhone.ActiveCfg = Ad-Hoc|iPhone
		{E810C977-51ED-4652-90CB-2B91FADBF0AB}.Ad-Hoc|iPhone.Build.0 = Ad-Hoc|iPhone
		{E810C977-51ED-4652-90CB-2B91FADBF0AB}.Ad-Hoc|iPhone.Deploy.0 = Ad-Hoc|iPhone
		{E810C977-51ED-4652-90CB-2B91FADBF0AB}.AppStore|iPhone.ActiveCfg = AppStore|iPhone
		{E810C977-51ED-4652-90CB-2B91FADBF0AB}.AppStore|iPhone.Build.0 = AppStore|iPhone
		{E810C977-51ED-4652-90CB-2B91FADBF0AB}.AppStore|iPhone.Deploy.0 = AppStore|iPhone
		{E810C977-51ED-4652-90CB-2B91FADBF0AB}.Debug|Any CPU.ActiveCfg = Debug|iPhoneSimulator
		{E810C977-51ED-4652-90CB-2B91FADBF0AB}.Debug|Any CPU.Build.0 = Debug|iPhoneSimulator
		{E810C977-51ED-4652-90CB-2B91FADBF0AB}.Debug|Any CPU.Deploy.0 = Debug|iPhoneSimulator
		{E810C977-51ED-4652-90CB-2B91FADBF0AB}.Debug|iPhone.ActiveCfg = Debug|iPhone
		{E810C977-51ED-4652-90CB-2B91FADBF0AB}.Debug|iPhone.Build.0 = Debug|iPhone
		{E810C977-51ED-4652-90CB-2B91FADBF0AB}.Debug|iPhone.Deploy.0 = Debug|iPhone
		{E810C977-51ED-4652-90CB-2B91FADBF0AB}.Debug|iPhoneSimulator.ActiveCfg = Debug|iPhoneSimulator
		{E810C977-51ED-4652-90CB-2B91FADBF0AB}.Debug|iPhoneSimulator.Build.0 = Debug|iPhoneSimulator
		{E810C977-51ED-4652-90CB-2B91FADBF0AB}.Debug|iPhoneSimulator.Deploy.0 = Debug|iPhoneSimulator
		{E810C977-51ED-4652-90CB-2B91FADBF0AB}.Release|Any CPU.ActiveCfg = Release|iPhoneSimulator
		{E810C977-51ED-4652-90CB-2B91FADBF0AB}.Release|Any CPU.Build.0 = Release|iPhoneSimulator
		{E810C977-51ED-4652-90CB-2B91FADBF0AB}.Release|Any CPU.Deploy.0 = Release|iPhoneSimulator
		{E810C977-51ED-4652-90CB-2B91FADBF0AB}.Release|iPhone.ActiveCfg = Release|iPhone
		{E810C977-51ED-4652-90CB-2B91FADBF0AB}.Release|iPhone.Build.0 = Release|iPhone
		{E810C977-51ED-4652-90CB-2B91FADBF0AB}.Release|iPhone.Deploy.0 = Release|iPhone
		{E810C977-51ED-4652-90CB-2B91FADBF0AB}.Release|iPhoneSimulator.ActiveCfg = Release|iPhoneSimulator
		{E810C977-51ED-4652-90CB-2B91FADBF0AB}.Release|iPhoneSimulator.Build.0 = Release|iPhoneSimulator
		{E810C977-51ED-4652-90CB-2B91FADBF0AB}.Release|iPhoneSimulator.Deploy.0 = Release|iPhoneSimulator
	EndGlobalSection
EndGlobal
